// !$*UTF8*$!
{
	archiveVersion = 1;
	classes = {
	};
	objectVersion = 48;
	objects = {

/* Begin PBXBuildFile section */
		D522CE53204AFF8400BF05A8 /* AppDelegate.swift in Sources */ = {isa = PBXBuildFile; fileRef = D522CE52204AFF8400BF05A8 /* AppDelegate.swift */; };
		D522CE58204AFF8400BF05A8 /* Main.storyboard in Resources */ = {isa = PBXBuildFile; fileRef = D522CE56204AFF8400BF05A8 /* Main.storyboard */; };
		D522CE5B204AFF8400BF05A8 /* ListTodoModel.xcdatamodeld in Sources */ = {isa = PBXBuildFile; fileRef = D522CE59204AFF8400BF05A8 /* ListTodoModel.xcdatamodeld */; };
		D522CE5D204AFF8400BF05A8 /* Assets.xcassets in Resources */ = {isa = PBXBuildFile; fileRef = D522CE5C204AFF8400BF05A8 /* Assets.xcassets */; };
		D522CE60204AFF8400BF05A8 /* LaunchScreen.storyboard in Resources */ = {isa = PBXBuildFile; fileRef = D522CE5E204AFF8400BF05A8 /* LaunchScreen.storyboard */; };
		D54CBE54205C26B90015378A /* DetailVC.swift in Sources */ = {isa = PBXBuildFile; fileRef = D54CBE53205C26B90015378A /* DetailVC.swift */; };
		D54CBE56205C281D0015378A /* ToDoVC.swift in Sources */ = {isa = PBXBuildFile; fileRef = D54CBE55205C281D0015378A /* ToDoVC.swift */; };
		D5728C3320B5B744006E66D3 /* ToDoParent.swift in Sources */ = {isa = PBXBuildFile; fileRef = D5728C3220B5B744006E66D3 /* ToDoParent.swift */; };
		D5BA783920B1480300F3C639 /* ToDoItemCell.swift in Sources */ = {isa = PBXBuildFile; fileRef = D5BA783820B1480300F3C639 /* ToDoItemCell.swift */; };
/* End PBXBuildFile section */

/* Begin PBXFileReference section */
		D522CE4F204AFF8400BF05A8 /* ListTodo.app */ = {isa = PBXFileReference; explicitFileType = wrapper.application; includeInIndex = 0; path = ListTodo.app; sourceTree = BUILT_PRODUCTS_DIR; };
		D522CE52204AFF8400BF05A8 /* AppDelegate.swift */ = {isa = PBXFileReference; lastKnownFileType = sourcecode.swift; path = AppDelegate.swift; sourceTree = "<group>"; };
		D522CE57204AFF8400BF05A8 /* Base */ = {isa = PBXFileReference; lastKnownFileType = file.storyboard; name = Base; path = Base.lproj/Main.storyboard; sourceTree = "<group>"; };
		D522CE5A204AFF8400BF05A8 /* ListTodo.xcdatamodel */ = {isa = PBXFileReference; lastKnownFileType = wrapper.xcdatamodel; path = ListTodo.xcdatamodel; sourceTree = "<group>"; };
		D522CE5C204AFF8400BF05A8 /* Assets.xcassets */ = {isa = PBXFileReference; lastKnownFileType = folder.assetcatalog; path = Assets.xcassets; sourceTree = "<group>"; };
		D522CE5F204AFF8400BF05A8 /* Base */ = {isa = PBXFileReference; lastKnownFileType = file.storyboard; name = Base; path = Base.lproj/LaunchScreen.storyboard; sourceTree = "<group>"; };
		D522CE61204AFF8400BF05A8 /* Info.plist */ = {isa = PBXFileReference; lastKnownFileType = text.plist.xml; path = Info.plist; sourceTree = "<group>"; };
		D54CBE53205C26B90015378A /* DetailVC.swift */ = {isa = PBXFileReference; lastKnownFileType = sourcecode.swift; path = DetailVC.swift; sourceTree = "<group>"; };
		D54CBE55205C281D0015378A /* ToDoVC.swift */ = {isa = PBXFileReference; lastKnownFileType = sourcecode.swift; path = ToDoVC.swift; sourceTree = "<group>"; };
		D5728C3220B5B744006E66D3 /* ToDoParent.swift */ = {isa = PBXFileReference; lastKnownFileType = sourcecode.swift; path = ToDoParent.swift; sourceTree = "<group>"; };
		D5BA783820B1480300F3C639 /* ToDoItemCell.swift */ = {isa = PBXFileReference; lastKnownFileType = sourcecode.swift; path = ToDoItemCell.swift; sourceTree = "<group>"; };
/* End PBXFileReference section */

/* Begin PBXFrameworksBuildPhase section */
		D522CE4C204AFF8400BF05A8 /* Frameworks */ = {
			isa = PBXFrameworksBuildPhase;
			buildActionMask = 2147483647;
			files = (
			);
			runOnlyForDeploymentPostprocessing = 0;
		};
/* End PBXFrameworksBuildPhase section */

/* Begin PBXGroup section */
		D522CE46204AFF8400BF05A8 = {
			isa = PBXGroup;
			children = (
				D522CE51204AFF8400BF05A8 /* ListTodo */,
				D522CE50204AFF8400BF05A8 /* Products */,
			);
			sourceTree = "<group>";
		};
		D522CE50204AFF8400BF05A8 /* Products */ = {
			isa = PBXGroup;
			children = (
				D522CE4F204AFF8400BF05A8 /* ListTodo.app */,
			);
			name = Products;
			sourceTree = "<group>";
		};
		D522CE51204AFF8400BF05A8 /* ListTodo */ = {
			isa = PBXGroup;
			children = (
				D522CE52204AFF8400BF05A8 /* AppDelegate.swift */,
				D54CBE5B205C29140015378A /* Model */,
				D54CBE59205C28DD0015378A /* View */,
				D54CBE5C205C29260015378A /* Controller */,
				D54CBE5A205C29000015378A /* Supporting Files */,
			);
			path = ListTodo;
			sourceTree = "<group>";
		};
		D54CBE59205C28DD0015378A /* View */ = {
			isa = PBXGroup;
			children = (
				D522CE56204AFF8400BF05A8 /* Main.storyboard */,
				D522CE5E204AFF8400BF05A8 /* LaunchScreen.storyboard */,
			);
			path = View;
			sourceTree = "<group>";
		};
		D54CBE5A205C29000015378A /* Supporting Files */ = {
			isa = PBXGroup;
			children = (
				D522CE5C204AFF8400BF05A8 /* Assets.xcassets */,
				D522CE61204AFF8400BF05A8 /* Info.plist */,
			);
			path = "Supporting Files";
			sourceTree = "<group>";
		};
		D54CBE5B205C29140015378A /* Model */ = {
			isa = PBXGroup;
			children = (
				D522CE59204AFF8400BF05A8 /* ListTodoModel.xcdatamodeld */,
			);
			path = Model;
			sourceTree = "<group>";
		};
		D54CBE5C205C29260015378A /* Controller */ = {
			isa = PBXGroup;
			children = (
				D5728C3220B5B744006E66D3 /* ToDoParent.swift */,
				D5BA783A20B1488600F3C639 /* ToDo */,
				D54CBE53205C26B90015378A /* DetailVC.swift */,
			);
			path = Controller;
			sourceTree = "<group>";
		};
		D5BA783A20B1488600F3C639 /* ToDo */ = {
			isa = PBXGroup;
			children = (
				D54CBE55205C281D0015378A /* ToDoVC.swift */,
				D5BA783820B1480300F3C639 /* ToDoItemCell.swift */,
			);
			path = ToDo;
			sourceTree = "<group>";
		};
/* End PBXGroup section */

/* Begin PBXNativeTarget section */
		D522CE4E204AFF8400BF05A8 /* ListTodo */ = {
			isa = PBXNativeTarget;
			buildConfigurationList = D522CE64204AFF8400BF05A8 /* Build configuration list for PBXNativeTarget "ListTodo" */;
			buildPhases = (
				D522CE4B204AFF8400BF05A8 /* Sources */,
				D522CE4C204AFF8400BF05A8 /* Frameworks */,
				D522CE4D204AFF8400BF05A8 /* Resources */,
			);
			buildRules = (
			);
			dependencies = (
			);
			name = ListTodo;
			productName = ListTodo;
			productReference = D522CE4F204AFF8400BF05A8 /* ListTodo.app */;
			productType = "com.apple.product-type.application";
		};
/* End PBXNativeTarget section */

/* Begin PBXProject section */
		D522CE47204AFF8400BF05A8 /* Project object */ = {
			isa = PBXProject;
			attributes = {
				LastSwiftUpdateCheck = 0920;
				LastUpgradeCheck = 0920;
				ORGANIZATIONNAME = MK;
				TargetAttributes = {
					D522CE4E204AFF8400BF05A8 = {
						CreatedOnToolsVersion = 9.2;
						ProvisioningStyle = Automatic;
					};
				};
			};
			buildConfigurationList = D522CE4A204AFF8400BF05A8 /* Build configuration list for PBXProject "ListTodo" */;
			compatibilityVersion = "Xcode 8.0";
			developmentRegion = en;
			hasScannedForEncodings = 0;
			knownRegions = (
				en,
				Base,
			);
			mainGroup = D522CE46204AFF8400BF05A8;
			productRefGroup = D522CE50204AFF8400BF05A8 /* Products */;
			projectDirPath = "";
			projectRoot = "";
			targets = (
				D522CE4E204AFF8400BF05A8 /* ListTodo */,
			);
		};
/* End PBXProject section */

/* Begin PBXResourcesBuildPhase section */
		D522CE4D204AFF8400BF05A8 /* Resources */ = {
			isa = PBXResourcesBuildPhase;
			buildActionMask = 2147483647;
			files = (
				D522CE60204AFF8400BF05A8 /* LaunchScreen.storyboard in Resources */,
				D522CE5D204AFF8400BF05A8 /* Assets.xcassets in Resources */,
				D522CE58204AFF8400BF05A8 /* Main.storyboard in Resources */,
			);
			runOnlyForDeploymentPostprocessing = 0;
		};
/* End PBXResourcesBuildPhase section */

/* Begin PBXSourcesBuildPhase section */
		D522CE4B204AFF8400BF05A8 /* Sources */ = {
			isa = PBXSourcesBuildPhase;
			buildActionMask = 2147483647;
			files = (
				D522CE5B204AFF8400BF05A8 /* ListTodoModel.xcdatamodeld in Sources */,
				D5728C3320B5B744006E66D3 /* ToDoParent.swift in Sources */,
				D5BA783920B1480300F3C639 /* ToDoItemCell.swift in Sources */,
				D54CBE54205C26B90015378A /* DetailVC.swift in Sources */,
				D54CBE56205C281D0015378A /* ToDoVC.swift in Sources */,
				D522CE53204AFF8400BF05A8 /* AppDelegate.swift in Sources */,
			);
			runOnlyForDeploymentPostprocessing = 0;
		};
/* End PBXSourcesBuildPhase section */

/* Begin PBXVariantGroup section */
		D522CE56204AFF8400BF05A8 /* Main.storyboard */ = {
			isa = PBXVariantGroup;
			children = (
				D522CE57204AFF8400BF05A8 /* Base */,
			);
			name = Main.storyboard;
			sourceTree = "<group>";
		};
		D522CE5E204AFF8400BF05A8 /* LaunchScreen.storyboard */ = {
			isa = PBXVariantGroup;
			children = (
				D522CE5F204AFF8400BF05A8 /* Base */,
			);
			name = LaunchScreen.storyboard;
			sourceTree = "<group>";
		};
/* End PBXVariantGroup section */

/* Begin XCBuildConfiguration section */
		D522CE62204AFF8400BF05A8 /* Debug */ = {
			isa = XCBuildConfiguration;
			buildSettings = {
				ALWAYS_SEARCH_USER_PATHS = NO;
				CLANG_ANALYZER_NONNULL = YES;
				CLANG_ANALYZER_NUMBER_OBJECT_CONVERSION = YES_AGGRESSIVE;
				CLANG_CXX_LANGUAGE_STANDARD = "gnu++14";
				CLANG_CXX_LIBRARY = "libc++";
				CLANG_ENABLE_MODULES = YES;
				CLANG_ENABLE_OBJC_ARC = YES;
				CLANG_WARN_BLOCK_CAPTURE_AUTORELEASING = YES;
				CLANG_WARN_BOOL_CONVERSION = YES;
				CLANG_WARN_COMMA = YES;
				CLANG_WARN_CONSTANT_CONVERSION = YES;
				CLANG_WARN_DIRECT_OBJC_ISA_USAGE = YES_ERROR;
				CLANG_WARN_DOCUMENTATION_COMMENTS = YES;
				CLANG_WARN_EMPTY_BODY = YES;
				CLANG_WARN_ENUM_CONVERSION = YES;
				CLANG_WARN_INFINITE_RECURSION = YES;
				CLANG_WARN_INT_CONVERSION = YES;
				CLANG_WARN_NON_LITERAL_NULL_CONVERSION = YES;
				CLANG_WARN_OBJC_LITERAL_CONVERSION = YES;
				CLANG_WARN_OBJC_ROOT_CLASS = YES_ERROR;
				CLANG_WARN_RANGE_LOOP_ANALYSIS = YES;
				CLANG_WARN_STRICT_PROTOTYPES = YES;
				CLANG_WARN_SUSPICIOUS_MOVE = YES;
				CLANG_WARN_UNGUARDED_AVAILABILITY = YES_AGGRESSIVE;
				CLANG_WARN_UNREACHABLE_CODE = YES;
				CLANG_WARN__DUPLICATE_METHOD_MATCH = YES;
				CODE_SIGN_IDENTITY = "iPhone Developer";
				COPY_PHASE_STRIP = NO;
				DEBUG_INFORMATION_FORMAT = dwarf;
				ENABLE_STRICT_OBJC_MSGSEND = YES;
				ENABLE_TESTABILITY = YES;
				GCC_C_LANGUAGE_STANDARD = gnu11;
				GCC_DYNAMIC_NO_PIC = NO;
				GCC_NO_COMMON_BLOCKS = YES;
				GCC_OPTIMIZATION_LEVEL = 0;
				GCC_PREPROCESSOR_DEFINITIONS = (
					"DEBUG=1",
					"$(inherited)",
				);
				GCC_WARN_64_TO_32_BIT_CONVERSION = YES;
				GCC_WARN_ABOUT_RETURN_TYPE = YES_ERROR;
				GCC_WARN_UNDECLARED_SELECTOR = YES;
				GCC_WARN_UNINITIALIZED_AUTOS = YES_AGGRESSIVE;
				GCC_WARN_UNUSED_FUNCTION = YES;
				GCC_WARN_UNUSED_VARIABLE = YES;
				IPHONEOS_DEPLOYMENT_TARGET = 11.2;
				MTL_ENABLE_DEBUG_INFO = YES;
				ONLY_ACTIVE_ARCH = YES;
				SDKROOT = iphoneos;
				SWIFT_ACTIVE_COMPILATION_CONDITIONS = DEBUG;
				SWIFT_OPTIMIZATION_LEVEL = "-Onone";
			};
			name = Debug;
		};
		D522CE63204AFF8400BF05A8 /* Release */ = {
			isa = XCBuildConfiguration;
			buildSettings = {
				ALWAYS_SEARCH_USER_PATHS = NO;
				CLANG_ANALYZER_NONNULL = YES;
				CLANG_ANALYZER_NUMBER_OBJECT_CONVERSION = YES_AGGRESSIVE;
				CLANG_CXX_LANGUAGE_STANDARD = "gnu++14";
				CLANG_CXX_LIBRARY = "libc++";
				CLANG_ENABLE_MODULES = YES;
				CLANG_ENABLE_OBJC_ARC = YES;
				CLANG_WARN_BLOCK_CAPTURE_AUTORELEASING = YES;
				CLANG_WARN_BOOL_CONVERSION = YES;
				CLANG_WARN_COMMA = YES;
				CLANG_WARN_CONSTANT_CONVERSION = YES;
				CLANG_WARN_DIRECT_OBJC_ISA_USAGE = YES_ERROR;
				CLANG_WARN_DOCUMENTATION_COMMENTS = YES;
				CLANG_WARN_EMPTY_BODY = YES;
				CLANG_WARN_ENUM_CONVERSION = YES;
				CLANG_WARN_INFINITE_RECURSION = YES;
				CLANG_WARN_INT_CONVERSION = YES;
				CLANG_WARN_NON_LITERAL_NULL_CONVERSION = YES;
				CLANG_WARN_OBJC_LITERAL_CONVERSION = YES;
				CLANG_WARN_OBJC_ROOT_CLASS = YES_ERROR;
				CLANG_WARN_RANGE_LOOP_ANALYSIS = YES;
				CLANG_WARN_STRICT_PROTOTYPES = YES;
				CLANG_WARN_SUSPICIOUS_MOVE = YES;
				CLANG_WARN_UNGUARDED_AVAILABILITY = YES_AGGRESSIVE;
				CLANG_WARN_UNREACHABLE_CODE = YES;
				CLANG_WARN__DUPLICATE_METHOD_MATCH = YES;
				CODE_SIGN_IDENTITY = "iPhone Developer";
				COPY_PHASE_STRIP = NO;
				DEBUG_INFORMATION_FORMAT = "dwarf-with-dsym";
				ENABLE_NS_ASSERTIONS = NO;
				ENABLE_STRICT_OBJC_MSGSEND = YES;
				GCC_C_LANGUAGE_STANDARD = gnu11;
				GCC_NO_COMMON_BLOCKS = YES;
				GCC_WARN_64_TO_32_BIT_CONVERSION = YES;
				GCC_WARN_ABOUT_RETURN_TYPE = YES_ERROR;
				GCC_WARN_UNDECLARED_SELECTOR = YES;
				GCC_WARN_UNINITIALIZED_AUTOS = YES_AGGRESSIVE;
				GCC_WARN_UNUSED_FUNCTION = YES;
				GCC_WARN_UNUSED_VARIABLE = YES;
				IPHONEOS_DEPLOYMENT_TARGET = 11.2;
				MTL_ENABLE_DEBUG_INFO = NO;
				SDKROOT = iphoneos;
				SWIFT_OPTIMIZATION_LEVEL = "-Owholemodule";
				VALIDATE_PRODUCT = YES;
			};
			name = Release;
		};
		D522CE65204AFF8400BF05A8 /* Debug */ = {
			isa = XCBuildConfiguration;
			buildSettings = {
				ASSETCATALOG_COMPILER_APPICON_NAME = AppIcon;
				CODE_SIGN_STYLE = Automatic;
				DEVELOPMENT_TEAM = Q4D35U6NN5;
				INFOPLIST_FILE = "ListTodo/Supporting Files/Info.plist";
				IPHONEOS_DEPLOYMENT_TARGET = 11.0;
				LD_RUNPATH_SEARCH_PATHS = "$(inherited) @executable_path/Frameworks";
				PRODUCT_BUNDLE_IDENTIFIER = com.ListTodo;
				PRODUCT_NAME = "$(TARGET_NAME)";
				SWIFT_VERSION = 4.0;
				TARGETED_DEVICE_FAMILY = "1,2";
			};
			name = Debug;
		};
		D522CE66204AFF8400BF05A8 /* Release */ = {
			isa = XCBuildConfiguration;
			buildSettings = {
				ASSETCATALOG_COMPILER_APPICON_NAME = AppIcon;
				CODE_SIGN_STYLE = Automatic;
				DEVELOPMENT_TEAM = Q4D35U6NN5;
				INFOPLIST_FILE = "ListTodo/Supporting Files/Info.plist";
				IPHONEOS_DEPLOYMENT_TARGET = 11.0;
				LD_RUNPATH_SEARCH_PATHS = "$(inherited) @executable_path/Frameworks";
				PRODUCT_BUNDLE_IDENTIFIER = com.ListTodo;
				PRODUCT_NAME = "$(TARGET_NAME)";
				SWIFT_VERSION = 4.0;
				TARGETED_DEVICE_FAMILY = "1,2";
			};
			name = Release;
		};
/* End XCBuildConfiguration section */

/* Begin XCConfigurationList section */
		D522CE4A204AFF8400BF05A8 /* Build configuration list for PBXProject "ListTodo" */ = {
			isa = XCConfigurationList;
			buildConfigurations = (
				D522CE62204AFF8400BF05A8 /* Debug */,
				D522CE63204AFF8400BF05A8 /* Release */,
			);
			defaultConfigurationIsVisible = 0;
			defaultConfigurationName = Release;
		};
		D522CE64204AFF8400BF05A8 /* Build configuration list for PBXNativeTarget "ListTodo" */ = {
			isa = XCConfigurationList;
			buildConfigurations = (
				D522CE65204AFF8400BF05A8 /* Debug */,
				D522CE66204AFF8400BF05A8 /* Release */,
			);
			defaultConfigurationIsVisible = 0;
			defaultConfigurationName = Release;
		};
/* End XCConfigurationList section */

/* Begin XCVersionGroup section */
		D522CE59204AFF8400BF05A8 /* ListTodoModel.xcdatamodeld */ = {
			isa = XCVersionGroup;
			children = (
				D522CE5A204AFF8400BF05A8 /* ListTodo.xcdatamodel */,
			);
			currentVersion = D522CE5A204AFF8400BF05A8 /* ListTodo.xcdatamodel */;
			path = ListTodoModel.xcdatamodeld;
			sourceTree = "<group>";
			versionGroupType = wrapper.xcdatamodel;
		};
/* End XCVersionGroup section */
	};
	rootObject = D522CE47204AFF8400BF05A8 /* Project object */;
}
